{
  "name": "gdanska",
  "version": "1.0.0",
  "lockfileVersion": 3,
  "requires": true,
  "packages": {
    "": {
      "name": "gdanska",
      "version": "1.0.0",
      "license": "ISC",
      "dependencies": {
        "parser": "adampaulukanis/parser-do-Biblii"
      }
    },
    "node_modules/parser": {
      "version": "1.0.1",
      "resolved": "git+ssh://git@github.com/adampaulukanis/parser-do-Biblii.git#5f48e8c4a98b6908713cf18c82232cdb2b48ef1e",
      "license": "ISC"
    }
  }
}
